// !$*UTF8*$!
{
	archiveVersion = 1;
	classes = {
	};
	objectVersion = 50;
	objects = {

/* Begin PBXBuildFile section */
		404F301322A5D97A00267175 /* NetworkHeader_ResponseTests.swift in Sources */ = {isa = PBXBuildFile; fileRef = 404F301222A5D97A00267175 /* NetworkHeader_ResponseTests.swift */; };
		404F301722A5DC8900267175 /* NetworkMe+TaskType.swift in Sources */ = {isa = PBXBuildFile; fileRef = 404F301622A5DC8900267175 /* NetworkMe+TaskType.swift */; };
		404F301922A5E06900267175 /* NetworkMeRouter_Tests.swift in Sources */ = {isa = PBXBuildFile; fileRef = 404F301822A5E06900267175 /* NetworkMeRouter_Tests.swift */; };
		404F301B22A5E09900267175 /* NetworkMeStub+Endpoint.swift in Sources */ = {isa = PBXBuildFile; fileRef = 404F301A22A5E09900267175 /* NetworkMeStub+Endpoint.swift */; };
		404F301D22A5E2A900267175 /* NetworkMeStub+Encoder.swift in Sources */ = {isa = PBXBuildFile; fileRef = 404F301C22A5E2A900267175 /* NetworkMeStub+Encoder.swift */; };
		404F301F22A5E2AF00267175 /* NetworkMeStub+Decoder.swift in Sources */ = {isa = PBXBuildFile; fileRef = 404F301E22A5E2AF00267175 /* NetworkMeStub+Decoder.swift */; };
		404F302122A5E48600267175 /* NetworkMeStub+URLSession.swift in Sources */ = {isa = PBXBuildFile; fileRef = 404F302022A5E48600267175 /* NetworkMeStub+URLSession.swift */; };
		404F302322A5E56000267175 /* NetworkMeStub+URLSessionTask.swift in Sources */ = {isa = PBXBuildFile; fileRef = 404F302222A5E56000267175 /* NetworkMeStub+URLSessionTask.swift */; };
		404F302522A5F47700267175 /* NetworkMeFileRetrieving.swift in Sources */ = {isa = PBXBuildFile; fileRef = 404F302422A5F47700267175 /* NetworkMeFileRetrieving.swift */; };
		404F302722A5F4C600267175 /* NetworkMeStub+FileRetriever.swift in Sources */ = {isa = PBXBuildFile; fileRef = 404F302622A5F4C600267175 /* NetworkMeStub+FileRetriever.swift */; };
		404F302822A5F70C00267175 /* DateFormatter+NetworkMeDateProviding.swift in Sources */ = {isa = PBXBuildFile; fileRef = 40A8AE2922A5C5EF00AB0539 /* DateFormatter+NetworkMeDateProviding.swift */; };
		404F302922A5F70C00267175 /* NetworkMe+TransformableKeyValuePair.swift in Sources */ = {isa = PBXBuildFile; fileRef = 40A8AE2422A5C2E700AB0539 /* NetworkMe+TransformableKeyValuePair.swift */; };
		404F302A22A5F70C00267175 /* NetworkMe+TaskType.swift in Sources */ = {isa = PBXBuildFile; fileRef = 404F301622A5DC8900267175 /* NetworkMe+TaskType.swift */; };
		404F302B22A5F70C00267175 /* NetworkMeHeader+Generic.swift in Sources */ = {isa = PBXBuildFile; fileRef = 40A8AE3022A5CC3100AB0539 /* NetworkMeHeader+Generic.swift */; };
		404F302C22A5F70C00267175 /* NetworkMeHeader+Request.swift in Sources */ = {isa = PBXBuildFile; fileRef = 40A8AE3222A5CC4600AB0539 /* NetworkMeHeader+Request.swift */; };
		404F302D22A5F70C00267175 /* NetworkMeHeader+Response.swift in Sources */ = {isa = PBXBuildFile; fileRef = 40A8AE3422A5CC5500AB0539 /* NetworkMeHeader+Response.swift */; };
		404F302E22A5F70C00267175 /* NetworkMeDateProviding.swift in Sources */ = {isa = PBXBuildFile; fileRef = 40A8AE2622A5C5C500AB0539 /* NetworkMeDateProviding.swift */; };
		404F302F22A5F70C00267175 /* NetworkMeFileRetrieving.swift in Sources */ = {isa = PBXBuildFile; fileRef = 404F302422A5F47700267175 /* NetworkMeFileRetrieving.swift */; };
		404F303022A5F70D00267175 /* DateFormatter+NetworkMeDateProviding.swift in Sources */ = {isa = PBXBuildFile; fileRef = 40A8AE2922A5C5EF00AB0539 /* DateFormatter+NetworkMeDateProviding.swift */; };
		404F303122A5F70D00267175 /* NetworkMe+TransformableKeyValuePair.swift in Sources */ = {isa = PBXBuildFile; fileRef = 40A8AE2422A5C2E700AB0539 /* NetworkMe+TransformableKeyValuePair.swift */; };
		404F303222A5F70D00267175 /* NetworkMe+TaskType.swift in Sources */ = {isa = PBXBuildFile; fileRef = 404F301622A5DC8900267175 /* NetworkMe+TaskType.swift */; };
		404F303322A5F70D00267175 /* NetworkMeHeader+Generic.swift in Sources */ = {isa = PBXBuildFile; fileRef = 40A8AE3022A5CC3100AB0539 /* NetworkMeHeader+Generic.swift */; };
		404F303422A5F70D00267175 /* NetworkMeHeader+Request.swift in Sources */ = {isa = PBXBuildFile; fileRef = 40A8AE3222A5CC4600AB0539 /* NetworkMeHeader+Request.swift */; };
		404F303522A5F70D00267175 /* NetworkMeHeader+Response.swift in Sources */ = {isa = PBXBuildFile; fileRef = 40A8AE3422A5CC5500AB0539 /* NetworkMeHeader+Response.swift */; };
		404F303622A5F70D00267175 /* NetworkMeDateProviding.swift in Sources */ = {isa = PBXBuildFile; fileRef = 40A8AE2622A5C5C500AB0539 /* NetworkMeDateProviding.swift */; };
		404F303722A5F70D00267175 /* NetworkMeFileRetrieving.swift in Sources */ = {isa = PBXBuildFile; fileRef = 404F302422A5F47700267175 /* NetworkMeFileRetrieving.swift */; };
		404F303F22A5F72B00267175 /* NetworkMe_tvOS_Tests.swift in Sources */ = {isa = PBXBuildFile; fileRef = 404F303E22A5F72B00267175 /* NetworkMe_tvOS_Tests.swift */; };
		404F304122A5F72B00267175 /* libNetworkMe tvOS.a in Frameworks */ = {isa = PBXBuildFile; fileRef = 407A86AB22A465A200588850 /* libNetworkMe tvOS.a */; };
		404F304E22A5F74600267175 /* NetworkMe_macOS_Tests.swift in Sources */ = {isa = PBXBuildFile; fileRef = 404F304D22A5F74600267175 /* NetworkMe_macOS_Tests.swift */; };
		404F305022A5F74600267175 /* libNetworkMe macOS.a in Frameworks */ = {isa = PBXBuildFile; fileRef = 407A86C822A465CA00588850 /* libNetworkMe macOS.a */; };
		404F305D22A5F7F700267175 /* NetworkMe_watchOS.swift in Sources */ = {isa = PBXBuildFile; fileRef = 404F305C22A5F7F700267175 /* NetworkMe_watchOS.swift */; };
		404F306122A5F83000267175 /* DateFormatter+NetworkMeDateProviding.swift in Sources */ = {isa = PBXBuildFile; fileRef = 40A8AE2922A5C5EF00AB0539 /* DateFormatter+NetworkMeDateProviding.swift */; };
		404F306222A5F83000267175 /* NetworkMe+TransformableKeyValuePair.swift in Sources */ = {isa = PBXBuildFile; fileRef = 40A8AE2422A5C2E700AB0539 /* NetworkMe+TransformableKeyValuePair.swift */; };
		404F306322A5F83000267175 /* NetworkMe+TaskType.swift in Sources */ = {isa = PBXBuildFile; fileRef = 404F301622A5DC8900267175 /* NetworkMe+TaskType.swift */; };
		404F306422A5F83000267175 /* NetworMe+Scheme.swift in Sources */ = {isa = PBXBuildFile; fileRef = 407A868D22A41E5300588850 /* NetworMe+Scheme.swift */; };
		404F306522A5F83000267175 /* NetworkMe+Method.swift in Sources */ = {isa = PBXBuildFile; fileRef = 407A868F22A41E5E00588850 /* NetworkMe+Method.swift */; };
		404F306622A5F83000267175 /* NetworkMe+Header.swift in Sources */ = {isa = PBXBuildFile; fileRef = 407A869122A41EAF00588850 /* NetworkMe+Header.swift */; };
		404F306722A5F83000267175 /* NetworkMeHeader+Generic.swift in Sources */ = {isa = PBXBuildFile; fileRef = 40A8AE3022A5CC3100AB0539 /* NetworkMeHeader+Generic.swift */; };
		404F306822A5F83000267175 /* NetworkMeHeader+Request.swift in Sources */ = {isa = PBXBuildFile; fileRef = 40A8AE3222A5CC4600AB0539 /* NetworkMeHeader+Request.swift */; };
		404F306922A5F83000267175 /* NetworkMeHeader+Response.swift in Sources */ = {isa = PBXBuildFile; fileRef = 40A8AE3422A5CC5500AB0539 /* NetworkMeHeader+Response.swift */; };
		404F306A22A5F83000267175 /* NetworkMe+ContentType.swift in Sources */ = {isa = PBXBuildFile; fileRef = 407A869322A41F0C00588850 /* NetworkMe+ContentType.swift */; };
		404F306B22A5F83000267175 /* NetworkMe+Accept.swift in Sources */ = {isa = PBXBuildFile; fileRef = 407A869522A4209300588850 /* NetworkMe+Accept.swift */; };
		404F306C22A5F83000267175 /* NetworkMeHeaderRequest+CacheControl.swift in Sources */ = {isa = PBXBuildFile; fileRef = 407A869922A4232300588850 /* NetworkMeHeaderRequest+CacheControl.swift */; };
		404F306D22A5F83000267175 /* NetworkMeHeaderRequest+Authorization.swift in Sources */ = {isa = PBXBuildFile; fileRef = 407A869F22A4282300588850 /* NetworkMeHeaderRequest+Authorization.swift */; };
		404F306E22A5F83000267175 /* NetworkMeHeaderResponse+CacheControl.swift in Sources */ = {isa = PBXBuildFile; fileRef = 407A869B22A424E400588850 /* NetworkMeHeaderResponse+CacheControl.swift */; };
		404F306F22A5F83000267175 /* NetworkMeHeaderGeneric+Connection.swift in Sources */ = {isa = PBXBuildFile; fileRef = 407A869D22A426EF00588850 /* NetworkMeHeaderGeneric+Connection.swift */; };
		404F307022A5F83000267175 /* NetworkMeRouter+NetworkError.swift in Sources */ = {isa = PBXBuildFile; fileRef = 407A86A522A464BC00588850 /* NetworkMeRouter+NetworkError.swift */; };
		404F307122A5F83000267175 /* NetworkMeEndpointProtocol.swift in Sources */ = {isa = PBXBuildFile; fileRef = 407A867B22A41D8000588850 /* NetworkMeEndpointProtocol.swift */; };
		404F307222A5F83000267175 /* NetworkMeRouting.swift in Sources */ = {isa = PBXBuildFile; fileRef = 407A867D22A41D9300588850 /* NetworkMeRouting.swift */; };
		404F307322A5F83000267175 /* NetworkMeURLSessionProtocol.swift in Sources */ = {isa = PBXBuildFile; fileRef = 407A868222A41DBA00588850 /* NetworkMeURLSessionProtocol.swift */; };
		404F307422A5F83000267175 /* NetworkMeHeaderProtocol.swift in Sources */ = {isa = PBXBuildFile; fileRef = 407A869722A4222E00588850 /* NetworkMeHeaderProtocol.swift */; };
		404F307522A5F83000267175 /* NetworkMeDecoding.swift in Sources */ = {isa = PBXBuildFile; fileRef = 407A86A122A42B8D00588850 /* NetworkMeDecoding.swift */; };
		404F307622A5F83000267175 /* NetworkMeEncoding.swift in Sources */ = {isa = PBXBuildFile; fileRef = 407A86A322A42BB900588850 /* NetworkMeEncoding.swift */; };
		404F307722A5F83000267175 /* NetworkMeDateProviding.swift in Sources */ = {isa = PBXBuildFile; fileRef = 40A8AE2622A5C5C500AB0539 /* NetworkMeDateProviding.swift */; };
		404F307822A5F83000267175 /* NetworkMeFileRetrieving.swift in Sources */ = {isa = PBXBuildFile; fileRef = 404F302422A5F47700267175 /* NetworkMeFileRetrieving.swift */; };
		404F307922A5F83000267175 /* NetworkMe+Router.swift in Sources */ = {isa = PBXBuildFile; fileRef = 407A868022A41DA900588850 /* NetworkMe+Router.swift */; };
		404F307A22A5F83D00267175 /* NetworkMe.swift in Sources */ = {isa = PBXBuildFile; fileRef = 407A867322A41D4B00588850 /* NetworkMe.swift */; };
		407A867422A41D4B00588850 /* NetworkMe.swift in Sources */ = {isa = PBXBuildFile; fileRef = 407A867322A41D4B00588850 /* NetworkMe.swift */; };
		407A867C22A41D8000588850 /* NetworkMeEndpointProtocol.swift in Sources */ = {isa = PBXBuildFile; fileRef = 407A867B22A41D8000588850 /* NetworkMeEndpointProtocol.swift */; };
		407A867E22A41D9300588850 /* NetworkMeRouting.swift in Sources */ = {isa = PBXBuildFile; fileRef = 407A867D22A41D9300588850 /* NetworkMeRouting.swift */; };
		407A868122A41DA900588850 /* NetworkMe+Router.swift in Sources */ = {isa = PBXBuildFile; fileRef = 407A868022A41DA900588850 /* NetworkMe+Router.swift */; };
		407A868322A41DBA00588850 /* NetworkMeURLSessionProtocol.swift in Sources */ = {isa = PBXBuildFile; fileRef = 407A868222A41DBA00588850 /* NetworkMeURLSessionProtocol.swift */; };
		407A868E22A41E5300588850 /* NetworMe+Scheme.swift in Sources */ = {isa = PBXBuildFile; fileRef = 407A868D22A41E5300588850 /* NetworMe+Scheme.swift */; };
		407A869022A41E5E00588850 /* NetworkMe+Method.swift in Sources */ = {isa = PBXBuildFile; fileRef = 407A868F22A41E5E00588850 /* NetworkMe+Method.swift */; };
		407A869222A41EAF00588850 /* NetworkMe+Header.swift in Sources */ = {isa = PBXBuildFile; fileRef = 407A869122A41EAF00588850 /* NetworkMe+Header.swift */; };
		407A869422A41F0C00588850 /* NetworkMe+ContentType.swift in Sources */ = {isa = PBXBuildFile; fileRef = 407A869322A41F0C00588850 /* NetworkMe+ContentType.swift */; };
		407A869622A4209300588850 /* NetworkMe+Accept.swift in Sources */ = {isa = PBXBuildFile; fileRef = 407A869522A4209300588850 /* NetworkMe+Accept.swift */; };
		407A869822A4222E00588850 /* NetworkMeHeaderProtocol.swift in Sources */ = {isa = PBXBuildFile; fileRef = 407A869722A4222E00588850 /* NetworkMeHeaderProtocol.swift */; };
		407A869A22A4232300588850 /* NetworkMeHeaderRequest+CacheControl.swift in Sources */ = {isa = PBXBuildFile; fileRef = 407A869922A4232300588850 /* NetworkMeHeaderRequest+CacheControl.swift */; };
		407A869C22A424E400588850 /* NetworkMeHeaderResponse+CacheControl.swift in Sources */ = {isa = PBXBuildFile; fileRef = 407A869B22A424E400588850 /* NetworkMeHeaderResponse+CacheControl.swift */; };
		407A869E22A426EF00588850 /* NetworkMeHeaderGeneric+Connection.swift in Sources */ = {isa = PBXBuildFile; fileRef = 407A869D22A426EF00588850 /* NetworkMeHeaderGeneric+Connection.swift */; };
		407A86A022A4282300588850 /* NetworkMeHeaderRequest+Authorization.swift in Sources */ = {isa = PBXBuildFile; fileRef = 407A869F22A4282300588850 /* NetworkMeHeaderRequest+Authorization.swift */; };
		407A86A222A42B8D00588850 /* NetworkMeDecoding.swift in Sources */ = {isa = PBXBuildFile; fileRef = 407A86A122A42B8D00588850 /* NetworkMeDecoding.swift */; };
		407A86A422A42BB900588850 /* NetworkMeEncoding.swift in Sources */ = {isa = PBXBuildFile; fileRef = 407A86A322A42BB900588850 /* NetworkMeEncoding.swift */; };
		407A86A622A464BC00588850 /* NetworkMeRouter+NetworkError.swift in Sources */ = {isa = PBXBuildFile; fileRef = 407A86A522A464BC00588850 /* NetworkMeRouter+NetworkError.swift */; };
		407A86AE22A465A200588850 /* NetworkMe_tvOS.swift in Sources */ = {isa = PBXBuildFile; fileRef = 407A86AD22A465A200588850 /* NetworkMe_tvOS.swift */; };
		407A86B222A465B700588850 /* NetworMe+Scheme.swift in Sources */ = {isa = PBXBuildFile; fileRef = 407A868D22A41E5300588850 /* NetworMe+Scheme.swift */; };
		407A86B322A465B700588850 /* NetworkMe+Method.swift in Sources */ = {isa = PBXBuildFile; fileRef = 407A868F22A41E5E00588850 /* NetworkMe+Method.swift */; };
		407A86B422A465B700588850 /* NetworkMe+Header.swift in Sources */ = {isa = PBXBuildFile; fileRef = 407A869122A41EAF00588850 /* NetworkMe+Header.swift */; };
		407A86B522A465B700588850 /* NetworkMe+ContentType.swift in Sources */ = {isa = PBXBuildFile; fileRef = 407A869322A41F0C00588850 /* NetworkMe+ContentType.swift */; };
		407A86B622A465B700588850 /* NetworkMe+Accept.swift in Sources */ = {isa = PBXBuildFile; fileRef = 407A869522A4209300588850 /* NetworkMe+Accept.swift */; };
		407A86B722A465B700588850 /* NetworkMeHeaderRequest+CacheControl.swift in Sources */ = {isa = PBXBuildFile; fileRef = 407A869922A4232300588850 /* NetworkMeHeaderRequest+CacheControl.swift */; };
		407A86B822A465B700588850 /* NetworkMeHeaderRequest+Authorization.swift in Sources */ = {isa = PBXBuildFile; fileRef = 407A869F22A4282300588850 /* NetworkMeHeaderRequest+Authorization.swift */; };
		407A86B922A465B700588850 /* NetworkMeHeaderResponse+CacheControl.swift in Sources */ = {isa = PBXBuildFile; fileRef = 407A869B22A424E400588850 /* NetworkMeHeaderResponse+CacheControl.swift */; };
		407A86BA22A465B700588850 /* NetworkMeHeaderGeneric+Connection.swift in Sources */ = {isa = PBXBuildFile; fileRef = 407A869D22A426EF00588850 /* NetworkMeHeaderGeneric+Connection.swift */; };
		407A86BB22A465B700588850 /* NetworkMeRouter+NetworkError.swift in Sources */ = {isa = PBXBuildFile; fileRef = 407A86A522A464BC00588850 /* NetworkMeRouter+NetworkError.swift */; };
		407A86BC22A465B700588850 /* NetworkMeEndpointProtocol.swift in Sources */ = {isa = PBXBuildFile; fileRef = 407A867B22A41D8000588850 /* NetworkMeEndpointProtocol.swift */; };
		407A86BD22A465B700588850 /* NetworkMeRouting.swift in Sources */ = {isa = PBXBuildFile; fileRef = 407A867D22A41D9300588850 /* NetworkMeRouting.swift */; };
		407A86BE22A465B700588850 /* NetworkMeURLSessionProtocol.swift in Sources */ = {isa = PBXBuildFile; fileRef = 407A868222A41DBA00588850 /* NetworkMeURLSessionProtocol.swift */; };
		407A86BF22A465B700588850 /* NetworkMeHeaderProtocol.swift in Sources */ = {isa = PBXBuildFile; fileRef = 407A869722A4222E00588850 /* NetworkMeHeaderProtocol.swift */; };
		407A86C022A465B700588850 /* NetworkMeDecoding.swift in Sources */ = {isa = PBXBuildFile; fileRef = 407A86A122A42B8D00588850 /* NetworkMeDecoding.swift */; };
		407A86C122A465B700588850 /* NetworkMeEncoding.swift in Sources */ = {isa = PBXBuildFile; fileRef = 407A86A322A42BB900588850 /* NetworkMeEncoding.swift */; };
		407A86C222A465B700588850 /* NetworkMe+Router.swift in Sources */ = {isa = PBXBuildFile; fileRef = 407A868022A41DA900588850 /* NetworkMe+Router.swift */; };
		407A86C322A465B700588850 /* NetworkMe.swift in Sources */ = {isa = PBXBuildFile; fileRef = 407A867322A41D4B00588850 /* NetworkMe.swift */; };
		407A86CB22A465CA00588850 /* NetworkMe_macOS.h in Headers */ = {isa = PBXBuildFile; fileRef = 407A86CA22A465CA00588850 /* NetworkMe_macOS.h */; };
		407A86CD22A465CA00588850 /* NetworkMe_macOS.m in Sources */ = {isa = PBXBuildFile; fileRef = 407A86CC22A465CA00588850 /* NetworkMe_macOS.m */; };
		407A86D122A465D400588850 /* NetworMe+Scheme.swift in Sources */ = {isa = PBXBuildFile; fileRef = 407A868D22A41E5300588850 /* NetworMe+Scheme.swift */; };
		407A86D222A465D400588850 /* NetworkMe+Method.swift in Sources */ = {isa = PBXBuildFile; fileRef = 407A868F22A41E5E00588850 /* NetworkMe+Method.swift */; };
		407A86D322A465D400588850 /* NetworkMe+Header.swift in Sources */ = {isa = PBXBuildFile; fileRef = 407A869122A41EAF00588850 /* NetworkMe+Header.swift */; };
		407A86D422A465D400588850 /* NetworkMe+ContentType.swift in Sources */ = {isa = PBXBuildFile; fileRef = 407A869322A41F0C00588850 /* NetworkMe+ContentType.swift */; };
		407A86D522A465D400588850 /* NetworkMe+Accept.swift in Sources */ = {isa = PBXBuildFile; fileRef = 407A869522A4209300588850 /* NetworkMe+Accept.swift */; };
		407A86D622A465D400588850 /* NetworkMeHeaderRequest+CacheControl.swift in Sources */ = {isa = PBXBuildFile; fileRef = 407A869922A4232300588850 /* NetworkMeHeaderRequest+CacheControl.swift */; };
		407A86D722A465D400588850 /* NetworkMeHeaderRequest+Authorization.swift in Sources */ = {isa = PBXBuildFile; fileRef = 407A869F22A4282300588850 /* NetworkMeHeaderRequest+Authorization.swift */; };
		407A86D822A465D400588850 /* NetworkMeHeaderResponse+CacheControl.swift in Sources */ = {isa = PBXBuildFile; fileRef = 407A869B22A424E400588850 /* NetworkMeHeaderResponse+CacheControl.swift */; };
		407A86D922A465D400588850 /* NetworkMeHeaderGeneric+Connection.swift in Sources */ = {isa = PBXBuildFile; fileRef = 407A869D22A426EF00588850 /* NetworkMeHeaderGeneric+Connection.swift */; };
		407A86DA22A465D400588850 /* NetworkMeRouter+NetworkError.swift in Sources */ = {isa = PBXBuildFile; fileRef = 407A86A522A464BC00588850 /* NetworkMeRouter+NetworkError.swift */; };
		407A86DB22A465D400588850 /* NetworkMeEndpointProtocol.swift in Sources */ = {isa = PBXBuildFile; fileRef = 407A867B22A41D8000588850 /* NetworkMeEndpointProtocol.swift */; };
		407A86DC22A465D400588850 /* NetworkMeRouting.swift in Sources */ = {isa = PBXBuildFile; fileRef = 407A867D22A41D9300588850 /* NetworkMeRouting.swift */; };
		407A86DD22A465D400588850 /* NetworkMeURLSessionProtocol.swift in Sources */ = {isa = PBXBuildFile; fileRef = 407A868222A41DBA00588850 /* NetworkMeURLSessionProtocol.swift */; };
		407A86DE22A465D400588850 /* NetworkMeHeaderProtocol.swift in Sources */ = {isa = PBXBuildFile; fileRef = 407A869722A4222E00588850 /* NetworkMeHeaderProtocol.swift */; };
		407A86DF22A465D400588850 /* NetworkMeDecoding.swift in Sources */ = {isa = PBXBuildFile; fileRef = 407A86A122A42B8D00588850 /* NetworkMeDecoding.swift */; };
		407A86E022A465D400588850 /* NetworkMeEncoding.swift in Sources */ = {isa = PBXBuildFile; fileRef = 407A86A322A42BB900588850 /* NetworkMeEncoding.swift */; };
		407A86E122A465D400588850 /* NetworkMe+Router.swift in Sources */ = {isa = PBXBuildFile; fileRef = 407A868022A41DA900588850 /* NetworkMe+Router.swift */; };
		407A86E222A465D400588850 /* NetworkMe.swift in Sources */ = {isa = PBXBuildFile; fileRef = 407A867322A41D4B00588850 /* NetworkMe.swift */; };
		407A86F522A4670500588850 /* NetworMeScheme_Tests.swift in Sources */ = {isa = PBXBuildFile; fileRef = 407A86F422A4670500588850 /* NetworMeScheme_Tests.swift */; };
		407A86F722A4681300588850 /* NetworMeMethod_Tests.swift in Sources */ = {isa = PBXBuildFile; fileRef = 407A86F622A4681300588850 /* NetworMeMethod_Tests.swift */; };
		407A86FD22A468F200588850 /* libNetworkMe iOS.a in Frameworks */ = {isa = PBXBuildFile; fileRef = 407A867022A41D4B00588850 /* libNetworkMe iOS.a */; };
		40A8AE2222A5C0C900AB0539 /* NetworkMeHeader_GenericTests.swift in Sources */ = {isa = PBXBuildFile; fileRef = 40A8AE2122A5C0C900AB0539 /* NetworkMeHeader_GenericTests.swift */; };
		40A8AE2522A5C2E700AB0539 /* NetworkMe+TransformableKeyValuePair.swift in Sources */ = {isa = PBXBuildFile; fileRef = 40A8AE2422A5C2E700AB0539 /* NetworkMe+TransformableKeyValuePair.swift */; };
		40A8AE2722A5C5C500AB0539 /* NetworkMeDateProviding.swift in Sources */ = {isa = PBXBuildFile; fileRef = 40A8AE2622A5C5C500AB0539 /* NetworkMeDateProviding.swift */; };
		40A8AE2A22A5C5EF00AB0539 /* DateFormatter+NetworkMeDateProviding.swift in Sources */ = {isa = PBXBuildFile; fileRef = 40A8AE2922A5C5EF00AB0539 /* DateFormatter+NetworkMeDateProviding.swift */; };
		40A8AE2D22A5C71800AB0539 /* NetworkMeStub+DateFormatter.swift in Sources */ = {isa = PBXBuildFile; fileRef = 40A8AE2C22A5C71800AB0539 /* NetworkMeStub+DateFormatter.swift */; };
		40A8AE2F22A5C72500AB0539 /* NetworkMe+Tests.swift in Sources */ = {isa = PBXBuildFile; fileRef = 40A8AE2E22A5C72500AB0539 /* NetworkMe+Tests.swift */; };
		40A8AE3122A5CC3100AB0539 /* NetworkMeHeader+Generic.swift in Sources */ = {isa = PBXBuildFile; fileRef = 40A8AE3022A5CC3100AB0539 /* NetworkMeHeader+Generic.swift */; };
		40A8AE3322A5CC4600AB0539 /* NetworkMeHeader+Request.swift in Sources */ = {isa = PBXBuildFile; fileRef = 40A8AE3222A5CC4600AB0539 /* NetworkMeHeader+Request.swift */; };
		40A8AE3522A5CC5500AB0539 /* NetworkMeHeader+Response.swift in Sources */ = {isa = PBXBuildFile; fileRef = 40A8AE3422A5CC5500AB0539 /* NetworkMeHeader+Response.swift */; };
		40A8AE3722A5CC7300AB0539 /* NetworkMeHeader_RequestTests.swift in Sources */ = {isa = PBXBuildFile; fileRef = 40A8AE3622A5CC7300AB0539 /* NetworkMeHeader_RequestTests.swift */; };
/* End PBXBuildFile section */

/* Begin PBXContainerItemProxy section */
		404F304222A5F72B00267175 /* PBXContainerItemProxy */ = {
			isa = PBXContainerItemProxy;
			containerPortal = 407A866822A41D4B00588850 /* Project object */;
			proxyType = 1;
			remoteGlobalIDString = 407A86AA22A465A200588850;
			remoteInfo = "NetworkMe tvOS";
		};
		404F305122A5F74600267175 /* PBXContainerItemProxy */ = {
			isa = PBXContainerItemProxy;
			containerPortal = 407A866822A41D4B00588850 /* Project object */;
			proxyType = 1;
			remoteGlobalIDString = 407A86C722A465CA00588850;
			remoteInfo = "NetworkMe macOS";
		};
/* End PBXContainerItemProxy section */

/* Begin PBXCopyFilesBuildPhase section */
		404F305822A5F7F700267175 /* CopyFiles */ = {
			isa = PBXCopyFilesBuildPhase;
			buildActionMask = 2147483647;
			dstPath = "include/$(PRODUCT_NAME)";
			dstSubfolderSpec = 16;
			files = (
			);
			runOnlyForDeploymentPostprocessing = 0;
		};
		407A866E22A41D4B00588850 /* CopyFiles */ = {
			isa = PBXCopyFilesBuildPhase;
			buildActionMask = 2147483647;
			dstPath = "include/$(PRODUCT_NAME)";
			dstSubfolderSpec = 16;
			files = (
			);
			runOnlyForDeploymentPostprocessing = 0;
		};
		407A86A922A465A200588850 /* CopyFiles */ = {
			isa = PBXCopyFilesBuildPhase;
			buildActionMask = 2147483647;
			dstPath = "include/$(PRODUCT_NAME)";
			dstSubfolderSpec = 16;
			files = (
			);
			runOnlyForDeploymentPostprocessing = 0;
		};
/* End PBXCopyFilesBuildPhase section */

/* Begin PBXFileReference section */
		404F301222A5D97A00267175 /* NetworkHeader_ResponseTests.swift */ = {isa = PBXFileReference; lastKnownFileType = sourcecode.swift; path = NetworkHeader_ResponseTests.swift; sourceTree = "<group>"; };
		404F301622A5DC8900267175 /* NetworkMe+TaskType.swift */ = {isa = PBXFileReference; lastKnownFileType = sourcecode.swift; path = "NetworkMe+TaskType.swift"; sourceTree = "<group>"; };
		404F301822A5E06900267175 /* NetworkMeRouter_Tests.swift */ = {isa = PBXFileReference; lastKnownFileType = sourcecode.swift; path = NetworkMeRouter_Tests.swift; sourceTree = "<group>"; };
		404F301A22A5E09900267175 /* NetworkMeStub+Endpoint.swift */ = {isa = PBXFileReference; lastKnownFileType = sourcecode.swift; path = "NetworkMeStub+Endpoint.swift"; sourceTree = "<group>"; };
		404F301C22A5E2A900267175 /* NetworkMeStub+Encoder.swift */ = {isa = PBXFileReference; lastKnownFileType = sourcecode.swift; path = "NetworkMeStub+Encoder.swift"; sourceTree = "<group>"; };
		404F301E22A5E2AF00267175 /* NetworkMeStub+Decoder.swift */ = {isa = PBXFileReference; lastKnownFileType = sourcecode.swift; path = "NetworkMeStub+Decoder.swift"; sourceTree = "<group>"; };
		404F302022A5E48600267175 /* NetworkMeStub+URLSession.swift */ = {isa = PBXFileReference; lastKnownFileType = sourcecode.swift; path = "NetworkMeStub+URLSession.swift"; sourceTree = "<group>"; };
		404F302222A5E56000267175 /* NetworkMeStub+URLSessionTask.swift */ = {isa = PBXFileReference; lastKnownFileType = sourcecode.swift; path = "NetworkMeStub+URLSessionTask.swift"; sourceTree = "<group>"; };
		404F302422A5F47700267175 /* NetworkMeFileRetrieving.swift */ = {isa = PBXFileReference; lastKnownFileType = sourcecode.swift; path = NetworkMeFileRetrieving.swift; sourceTree = "<group>"; };
		404F302622A5F4C600267175 /* NetworkMeStub+FileRetriever.swift */ = {isa = PBXFileReference; lastKnownFileType = sourcecode.swift; path = "NetworkMeStub+FileRetriever.swift"; sourceTree = "<group>"; };
		404F303C22A5F72B00267175 /* NetworkMe tvOS Tests.xctest */ = {isa = PBXFileReference; explicitFileType = wrapper.cfbundle; includeInIndex = 0; path = "NetworkMe tvOS Tests.xctest"; sourceTree = BUILT_PRODUCTS_DIR; };
		404F303E22A5F72B00267175 /* NetworkMe_tvOS_Tests.swift */ = {isa = PBXFileReference; lastKnownFileType = sourcecode.swift; path = NetworkMe_tvOS_Tests.swift; sourceTree = "<group>"; };
		404F304022A5F72B00267175 /* Info.plist */ = {isa = PBXFileReference; lastKnownFileType = text.plist.xml; path = Info.plist; sourceTree = "<group>"; };
		404F304B22A5F74600267175 /* NetworkMe macOS Tests.xctest */ = {isa = PBXFileReference; explicitFileType = wrapper.cfbundle; includeInIndex = 0; path = "NetworkMe macOS Tests.xctest"; sourceTree = BUILT_PRODUCTS_DIR; };
		404F304D22A5F74600267175 /* NetworkMe_macOS_Tests.swift */ = {isa = PBXFileReference; lastKnownFileType = sourcecode.swift; path = NetworkMe_macOS_Tests.swift; sourceTree = "<group>"; };
		404F304F22A5F74600267175 /* Info.plist */ = {isa = PBXFileReference; lastKnownFileType = text.plist.xml; path = Info.plist; sourceTree = "<group>"; };
		404F305A22A5F7F700267175 /* libNetworkMe watchOS.a */ = {isa = PBXFileReference; explicitFileType = archive.ar; includeInIndex = 0; path = "libNetworkMe watchOS.a"; sourceTree = BUILT_PRODUCTS_DIR; };
		404F305C22A5F7F700267175 /* NetworkMe_watchOS.swift */ = {isa = PBXFileReference; lastKnownFileType = sourcecode.swift; path = NetworkMe_watchOS.swift; sourceTree = "<group>"; };
		407A867022A41D4B00588850 /* libNetworkMe iOS.a */ = {isa = PBXFileReference; explicitFileType = archive.ar; includeInIndex = 0; path = "libNetworkMe iOS.a"; sourceTree = BUILT_PRODUCTS_DIR; };
		407A867322A41D4B00588850 /* NetworkMe.swift */ = {isa = PBXFileReference; lastKnownFileType = sourcecode.swift; path = NetworkMe.swift; sourceTree = "<group>"; };
		407A867B22A41D8000588850 /* NetworkMeEndpointProtocol.swift */ = {isa = PBXFileReference; lastKnownFileType = sourcecode.swift; path = NetworkMeEndpointProtocol.swift; sourceTree = "<group>"; };
		407A867D22A41D9300588850 /* NetworkMeRouting.swift */ = {isa = PBXFileReference; lastKnownFileType = sourcecode.swift; path = NetworkMeRouting.swift; sourceTree = "<group>"; };
		407A868022A41DA900588850 /* NetworkMe+Router.swift */ = {isa = PBXFileReference; lastKnownFileType = sourcecode.swift; path = "NetworkMe+Router.swift"; sourceTree = "<group>"; };
		407A868222A41DBA00588850 /* NetworkMeURLSessionProtocol.swift */ = {isa = PBXFileReference; lastKnownFileType = sourcecode.swift; path = NetworkMeURLSessionProtocol.swift; sourceTree = "<group>"; };
		407A868D22A41E5300588850 /* NetworMe+Scheme.swift */ = {isa = PBXFileReference; lastKnownFileType = sourcecode.swift; path = "NetworMe+Scheme.swift"; sourceTree = "<group>"; };
		407A868F22A41E5E00588850 /* NetworkMe+Method.swift */ = {isa = PBXFileReference; lastKnownFileType = sourcecode.swift; path = "NetworkMe+Method.swift"; sourceTree = "<group>"; };
		407A869122A41EAF00588850 /* NetworkMe+Header.swift */ = {isa = PBXFileReference; lastKnownFileType = sourcecode.swift; path = "NetworkMe+Header.swift"; sourceTree = "<group>"; };
		407A869322A41F0C00588850 /* NetworkMe+ContentType.swift */ = {isa = PBXFileReference; lastKnownFileType = sourcecode.swift; path = "NetworkMe+ContentType.swift"; sourceTree = "<group>"; };
		407A869522A4209300588850 /* NetworkMe+Accept.swift */ = {isa = PBXFileReference; lastKnownFileType = sourcecode.swift; path = "NetworkMe+Accept.swift"; sourceTree = "<group>"; };
		407A869722A4222E00588850 /* NetworkMeHeaderProtocol.swift */ = {isa = PBXFileReference; lastKnownFileType = sourcecode.swift; path = NetworkMeHeaderProtocol.swift; sourceTree = "<group>"; };
		407A869922A4232300588850 /* NetworkMeHeaderRequest+CacheControl.swift */ = {isa = PBXFileReference; lastKnownFileType = sourcecode.swift; path = "NetworkMeHeaderRequest+CacheControl.swift"; sourceTree = "<group>"; };
		407A869B22A424E400588850 /* NetworkMeHeaderResponse+CacheControl.swift */ = {isa = PBXFileReference; lastKnownFileType = sourcecode.swift; path = "NetworkMeHeaderResponse+CacheControl.swift"; sourceTree = "<group>"; };
		407A869D22A426EF00588850 /* NetworkMeHeaderGeneric+Connection.swift */ = {isa = PBXFileReference; lastKnownFileType = sourcecode.swift; path = "NetworkMeHeaderGeneric+Connection.swift"; sourceTree = "<group>"; };
		407A869F22A4282300588850 /* NetworkMeHeaderRequest+Authorization.swift */ = {isa = PBXFileReference; lastKnownFileType = sourcecode.swift; path = "NetworkMeHeaderRequest+Authorization.swift"; sourceTree = "<group>"; };
		407A86A122A42B8D00588850 /* NetworkMeDecoding.swift */ = {isa = PBXFileReference; lastKnownFileType = sourcecode.swift; path = NetworkMeDecoding.swift; sourceTree = "<group>"; };
		407A86A322A42BB900588850 /* NetworkMeEncoding.swift */ = {isa = PBXFileReference; lastKnownFileType = sourcecode.swift; path = NetworkMeEncoding.swift; sourceTree = "<group>"; };
		407A86A522A464BC00588850 /* NetworkMeRouter+NetworkError.swift */ = {isa = PBXFileReference; lastKnownFileType = sourcecode.swift; path = "NetworkMeRouter+NetworkError.swift"; sourceTree = "<group>"; };
		407A86AB22A465A200588850 /* libNetworkMe tvOS.a */ = {isa = PBXFileReference; explicitFileType = archive.ar; includeInIndex = 0; path = "libNetworkMe tvOS.a"; sourceTree = BUILT_PRODUCTS_DIR; };
		407A86AD22A465A200588850 /* NetworkMe_tvOS.swift */ = {isa = PBXFileReference; lastKnownFileType = sourcecode.swift; path = NetworkMe_tvOS.swift; sourceTree = "<group>"; };
		407A86C822A465CA00588850 /* libNetworkMe macOS.a */ = {isa = PBXFileReference; explicitFileType = archive.ar; includeInIndex = 0; path = "libNetworkMe macOS.a"; sourceTree = BUILT_PRODUCTS_DIR; };
		407A86CA22A465CA00588850 /* NetworkMe_macOS.h */ = {isa = PBXFileReference; lastKnownFileType = sourcecode.c.h; path = NetworkMe_macOS.h; sourceTree = "<group>"; };
		407A86CC22A465CA00588850 /* NetworkMe_macOS.m */ = {isa = PBXFileReference; lastKnownFileType = sourcecode.c.objc; path = NetworkMe_macOS.m; sourceTree = "<group>"; };
		407A86E722A4667C00588850 /* NetworkMe iOS Tests.xctest */ = {isa = PBXFileReference; explicitFileType = wrapper.cfbundle; includeInIndex = 0; path = "NetworkMe iOS Tests.xctest"; sourceTree = BUILT_PRODUCTS_DIR; };
		407A86EB22A4667C00588850 /* Info.plist */ = {isa = PBXFileReference; lastKnownFileType = text.plist.xml; path = Info.plist; sourceTree = "<group>"; };
		407A86F422A4670500588850 /* NetworMeScheme_Tests.swift */ = {isa = PBXFileReference; lastKnownFileType = sourcecode.swift; path = NetworMeScheme_Tests.swift; sourceTree = "<group>"; };
		407A86F622A4681300588850 /* NetworMeMethod_Tests.swift */ = {isa = PBXFileReference; lastKnownFileType = sourcecode.swift; path = NetworMeMethod_Tests.swift; sourceTree = "<group>"; };
		40A8AE2122A5C0C900AB0539 /* NetworkMeHeader_GenericTests.swift */ = {isa = PBXFileReference; lastKnownFileType = sourcecode.swift; path = NetworkMeHeader_GenericTests.swift; sourceTree = "<group>"; };
		40A8AE2422A5C2E700AB0539 /* NetworkMe+TransformableKeyValuePair.swift */ = {isa = PBXFileReference; lastKnownFileType = sourcecode.swift; path = "NetworkMe+TransformableKeyValuePair.swift"; sourceTree = "<group>"; };
		40A8AE2622A5C5C500AB0539 /* NetworkMeDateProviding.swift */ = {isa = PBXFileReference; lastKnownFileType = sourcecode.swift; path = NetworkMeDateProviding.swift; sourceTree = "<group>"; };
		40A8AE2922A5C5EF00AB0539 /* DateFormatter+NetworkMeDateProviding.swift */ = {isa = PBXFileReference; lastKnownFileType = sourcecode.swift; path = "DateFormatter+NetworkMeDateProviding.swift"; sourceTree = "<group>"; };
		40A8AE2C22A5C71800AB0539 /* NetworkMeStub+DateFormatter.swift */ = {isa = PBXFileReference; lastKnownFileType = sourcecode.swift; path = "NetworkMeStub+DateFormatter.swift"; sourceTree = "<group>"; };
		40A8AE2E22A5C72500AB0539 /* NetworkMe+Tests.swift */ = {isa = PBXFileReference; lastKnownFileType = sourcecode.swift; path = "NetworkMe+Tests.swift"; sourceTree = "<group>"; };
		40A8AE3022A5CC3100AB0539 /* NetworkMeHeader+Generic.swift */ = {isa = PBXFileReference; lastKnownFileType = sourcecode.swift; path = "NetworkMeHeader+Generic.swift"; sourceTree = "<group>"; };
		40A8AE3222A5CC4600AB0539 /* NetworkMeHeader+Request.swift */ = {isa = PBXFileReference; lastKnownFileType = sourcecode.swift; path = "NetworkMeHeader+Request.swift"; sourceTree = "<group>"; };
		40A8AE3422A5CC5500AB0539 /* NetworkMeHeader+Response.swift */ = {isa = PBXFileReference; lastKnownFileType = sourcecode.swift; path = "NetworkMeHeader+Response.swift"; sourceTree = "<group>"; };
		40A8AE3622A5CC7300AB0539 /* NetworkMeHeader_RequestTests.swift */ = {isa = PBXFileReference; lastKnownFileType = sourcecode.swift; path = NetworkMeHeader_RequestTests.swift; sourceTree = "<group>"; };
/* End PBXFileReference section */

/* Begin PBXFrameworksBuildPhase section */
		404F303922A5F72B00267175 /* Frameworks */ = {
			isa = PBXFrameworksBuildPhase;
			buildActionMask = 2147483647;
			files = (
				404F304122A5F72B00267175 /* libNetworkMe tvOS.a in Frameworks */,
			);
			runOnlyForDeploymentPostprocessing = 0;
		};
		404F304822A5F74600267175 /* Frameworks */ = {
			isa = PBXFrameworksBuildPhase;
			buildActionMask = 2147483647;
			files = (
				404F305022A5F74600267175 /* libNetworkMe macOS.a in Frameworks */,
			);
			runOnlyForDeploymentPostprocessing = 0;
		};
		404F305722A5F7F700267175 /* Frameworks */ = {
			isa = PBXFrameworksBuildPhase;
			buildActionMask = 2147483647;
			files = (
			);
			runOnlyForDeploymentPostprocessing = 0;
		};
		407A866D22A41D4B00588850 /* Frameworks */ = {
			isa = PBXFrameworksBuildPhase;
			buildActionMask = 2147483647;
			files = (
			);
			runOnlyForDeploymentPostprocessing = 0;
		};
		407A86A822A465A200588850 /* Frameworks */ = {
			isa = PBXFrameworksBuildPhase;
			buildActionMask = 2147483647;
			files = (
			);
			runOnlyForDeploymentPostprocessing = 0;
		};
		407A86C622A465CA00588850 /* Frameworks */ = {
			isa = PBXFrameworksBuildPhase;
			buildActionMask = 2147483647;
			files = (
			);
			runOnlyForDeploymentPostprocessing = 0;
		};
		407A86E422A4667C00588850 /* Frameworks */ = {
			isa = PBXFrameworksBuildPhase;
			buildActionMask = 2147483647;
			files = (
				407A86FD22A468F200588850 /* libNetworkMe iOS.a in Frameworks */,
			);
			runOnlyForDeploymentPostprocessing = 0;
		};
/* End PBXFrameworksBuildPhase section */

/* Begin PBXGroup section */
		404F301422A5DC0B00267175 /* Components */ = {
			isa = PBXGroup;
			children = (
				404F301522A5DC1300267175 /* Router */,
			);
			path = Components;
			sourceTree = "<group>";
		};
		404F301522A5DC1300267175 /* Router */ = {
			isa = PBXGroup;
			children = (
				404F301822A5E06900267175 /* NetworkMeRouter_Tests.swift */,
			);
			path = Router;
			sourceTree = "<group>";
		};
		404F303D22A5F72B00267175 /* NetworkMe tvOS Tests */ = {
			isa = PBXGroup;
			children = (
				404F303E22A5F72B00267175 /* NetworkMe_tvOS_Tests.swift */,
				404F304022A5F72B00267175 /* Info.plist */,
			);
			path = "NetworkMe tvOS Tests";
			sourceTree = "<group>";
		};
		404F304C22A5F74600267175 /* NetworkMe macOS Tests */ = {
			isa = PBXGroup;
			children = (
				404F304D22A5F74600267175 /* NetworkMe_macOS_Tests.swift */,
				404F304F22A5F74600267175 /* Info.plist */,
			);
			path = "NetworkMe macOS Tests";
			sourceTree = "<group>";
		};
		404F305B22A5F7F700267175 /* NetworkMe watchOS */ = {
			isa = PBXGroup;
			children = (
				404F305C22A5F7F700267175 /* NetworkMe_watchOS.swift */,
			);
			path = "NetworkMe watchOS";
			sourceTree = "<group>";
		};
		407A866722A41D4B00588850 = {
			isa = PBXGroup;
			children = (
				407A867222A41D4B00588850 /* NetworkMe iOS */,
				407A86E822A4667C00588850 /* NetworkMe iOS Tests */,
				407A86AC22A465A200588850 /* NetworkMe tvOS */,
				407A86C922A465CA00588850 /* NetworkMe macOS */,
				404F303D22A5F72B00267175 /* NetworkMe tvOS Tests */,
				404F304C22A5F74600267175 /* NetworkMe macOS Tests */,
				404F305B22A5F7F700267175 /* NetworkMe watchOS */,
				407A867122A41D4B00588850 /* Products */,
				407A86FC22A468F200588850 /* Frameworks */,
			);
			sourceTree = "<group>";
		};
		407A867122A41D4B00588850 /* Products */ = {
			isa = PBXGroup;
			children = (
				407A867022A41D4B00588850 /* libNetworkMe iOS.a */,
				407A86AB22A465A200588850 /* libNetworkMe tvOS.a */,
				407A86C822A465CA00588850 /* libNetworkMe macOS.a */,
				407A86E722A4667C00588850 /* NetworkMe iOS Tests.xctest */,
				404F303C22A5F72B00267175 /* NetworkMe tvOS Tests.xctest */,
				404F304B22A5F74600267175 /* NetworkMe macOS Tests.xctest */,
				404F305A22A5F7F700267175 /* libNetworkMe watchOS.a */,
			);
			name = Products;
			sourceTree = "<group>";
		};
		407A867222A41D4B00588850 /* NetworkMe iOS */ = {
			isa = PBXGroup;
			children = (
				407A867F22A41D9900588850 /* Implementation */,
				407A867322A41D4B00588850 /* NetworkMe.swift */,
			);
			path = "NetworkMe iOS";
			sourceTree = "<group>";
		};
		407A867A22A41D6700588850 /* Protocols */ = {
			isa = PBXGroup;
			children = (
				407A867B22A41D8000588850 /* NetworkMeEndpointProtocol.swift */,
				407A867D22A41D9300588850 /* NetworkMeRouting.swift */,
				407A868222A41DBA00588850 /* NetworkMeURLSessionProtocol.swift */,
				407A869722A4222E00588850 /* NetworkMeHeaderProtocol.swift */,
				407A86A122A42B8D00588850 /* NetworkMeDecoding.swift */,
				407A86A322A42BB900588850 /* NetworkMeEncoding.swift */,
				40A8AE2622A5C5C500AB0539 /* NetworkMeDateProviding.swift */,
				404F302422A5F47700267175 /* NetworkMeFileRetrieving.swift */,
			);
			path = Protocols;
			sourceTree = "<group>";
		};
		407A867F22A41D9900588850 /* Implementation */ = {
			isa = PBXGroup;
			children = (
				40A8AE2822A5C5D700AB0539 /* Extensions */,
				40A8AE2322A5C2D500AB0539 /* Models */,
				407A868C22A41E4800588850 /* Enums */,
				407A867A22A41D6700588850 /* Protocols */,
				407A868B22A41E4000588850 /* Components */,
			);
			path = Implementation;
			sourceTree = "<group>";
		};
		407A868A22A41E3300588850 /* Router */ = {
			isa = PBXGroup;
			children = (
				407A868022A41DA900588850 /* NetworkMe+Router.swift */,
			);
			path = Router;
			sourceTree = "<group>";
		};
		407A868B22A41E4000588850 /* Components */ = {
			isa = PBXGroup;
			children = (
				407A868A22A41E3300588850 /* Router */,
			);
			path = Components;
			sourceTree = "<group>";
		};
		407A868C22A41E4800588850 /* Enums */ = {
			isa = PBXGroup;
			children = (
				404F301622A5DC8900267175 /* NetworkMe+TaskType.swift */,
				407A868D22A41E5300588850 /* NetworMe+Scheme.swift */,
				407A868F22A41E5E00588850 /* NetworkMe+Method.swift */,
				407A869122A41EAF00588850 /* NetworkMe+Header.swift */,
				40A8AE3022A5CC3100AB0539 /* NetworkMeHeader+Generic.swift */,
				40A8AE3222A5CC4600AB0539 /* NetworkMeHeader+Request.swift */,
				40A8AE3422A5CC5500AB0539 /* NetworkMeHeader+Response.swift */,
				407A869322A41F0C00588850 /* NetworkMe+ContentType.swift */,
				407A869522A4209300588850 /* NetworkMe+Accept.swift */,
				407A869922A4232300588850 /* NetworkMeHeaderRequest+CacheControl.swift */,
				407A869F22A4282300588850 /* NetworkMeHeaderRequest+Authorization.swift */,
				407A869B22A424E400588850 /* NetworkMeHeaderResponse+CacheControl.swift */,
				407A869D22A426EF00588850 /* NetworkMeHeaderGeneric+Connection.swift */,
				407A86A522A464BC00588850 /* NetworkMeRouter+NetworkError.swift */,
			);
			path = Enums;
			sourceTree = "<group>";
		};
		407A86AC22A465A200588850 /* NetworkMe tvOS */ = {
			isa = PBXGroup;
			children = (
				407A86AD22A465A200588850 /* NetworkMe_tvOS.swift */,
			);
			path = "NetworkMe tvOS";
			sourceTree = "<group>";
		};
		407A86C922A465CA00588850 /* NetworkMe macOS */ = {
			isa = PBXGroup;
			children = (
				407A86CA22A465CA00588850 /* NetworkMe_macOS.h */,
				407A86CC22A465CA00588850 /* NetworkMe_macOS.m */,
			);
			path = "NetworkMe macOS";
			sourceTree = "<group>";
		};
		407A86E822A4667C00588850 /* NetworkMe iOS Tests */ = {
			isa = PBXGroup;
			children = (
				40A8AE2B22A5C70200AB0539 /* Stubs */,
				407A86F222A466D100588850 /* Implementation */,
				407A86EB22A4667C00588850 /* Info.plist */,
				40A8AE2E22A5C72500AB0539 /* NetworkMe+Tests.swift */,
			);
			path = "NetworkMe iOS Tests";
			sourceTree = "<group>";
		};
		407A86F222A466D100588850 /* Implementation */ = {
			isa = PBXGroup;
			children = (
				404F301422A5DC0B00267175 /* Components */,
				407A86F322A466DE00588850 /* Enums */,
			);
			path = Implementation;
			sourceTree = "<group>";
		};
		407A86F322A466DE00588850 /* Enums */ = {
			isa = PBXGroup;
			children = (
				407A86F422A4670500588850 /* NetworMeScheme_Tests.swift */,
				407A86F622A4681300588850 /* NetworMeMethod_Tests.swift */,
				40A8AE2122A5C0C900AB0539 /* NetworkMeHeader_GenericTests.swift */,
				40A8AE3622A5CC7300AB0539 /* NetworkMeHeader_RequestTests.swift */,
				404F301222A5D97A00267175 /* NetworkHeader_ResponseTests.swift */,
			);
			path = Enums;
			sourceTree = "<group>";
		};
		407A86FC22A468F200588850 /* Frameworks */ = {
			isa = PBXGroup;
			children = (
			);
			name = Frameworks;
			sourceTree = "<group>";
		};
		40A8AE2322A5C2D500AB0539 /* Models */ = {
			isa = PBXGroup;
			children = (
				40A8AE2422A5C2E700AB0539 /* NetworkMe+TransformableKeyValuePair.swift */,
			);
			path = Models;
			sourceTree = "<group>";
		};
		40A8AE2822A5C5D700AB0539 /* Extensions */ = {
			isa = PBXGroup;
			children = (
				40A8AE2922A5C5EF00AB0539 /* DateFormatter+NetworkMeDateProviding.swift */,
			);
			path = Extensions;
			sourceTree = "<group>";
		};
		40A8AE2B22A5C70200AB0539 /* Stubs */ = {
			isa = PBXGroup;
			children = (
				40A8AE2C22A5C71800AB0539 /* NetworkMeStub+DateFormatter.swift */,
				404F301A22A5E09900267175 /* NetworkMeStub+Endpoint.swift */,
				404F301C22A5E2A900267175 /* NetworkMeStub+Encoder.swift */,
				404F301E22A5E2AF00267175 /* NetworkMeStub+Decoder.swift */,
				404F302022A5E48600267175 /* NetworkMeStub+URLSession.swift */,
				404F302222A5E56000267175 /* NetworkMeStub+URLSessionTask.swift */,
				404F302622A5F4C600267175 /* NetworkMeStub+FileRetriever.swift */,
			);
			path = Stubs;
			sourceTree = "<group>";
		};
/* End PBXGroup section */

/* Begin PBXHeadersBuildPhase section */
		407A86C422A465CA00588850 /* Headers */ = {
			isa = PBXHeadersBuildPhase;
			buildActionMask = 2147483647;
			files = (
				407A86CB22A465CA00588850 /* NetworkMe_macOS.h in Headers */,
			);
			runOnlyForDeploymentPostprocessing = 0;
		};
/* End PBXHeadersBuildPhase section */

/* Begin PBXNativeTarget section */
		404F303B22A5F72B00267175 /* NetworkMe tvOS Tests */ = {
			isa = PBXNativeTarget;
			buildConfigurationList = 404F304422A5F72B00267175 /* Build configuration list for PBXNativeTarget "NetworkMe tvOS Tests" */;
			buildPhases = (
				404F303822A5F72B00267175 /* Sources */,
				404F303922A5F72B00267175 /* Frameworks */,
				404F303A22A5F72B00267175 /* Resources */,
			);
			buildRules = (
			);
			dependencies = (
				404F304322A5F72B00267175 /* PBXTargetDependency */,
			);
			name = "NetworkMe tvOS Tests";
			productName = "NetworkMe tvOS Tests";
			productReference = 404F303C22A5F72B00267175 /* NetworkMe tvOS Tests.xctest */;
			productType = "com.apple.product-type.bundle.unit-test";
		};
		404F304A22A5F74600267175 /* NetworkMe macOS Tests */ = {
			isa = PBXNativeTarget;
			buildConfigurationList = 404F305322A5F74600267175 /* Build configuration list for PBXNativeTarget "NetworkMe macOS Tests" */;
			buildPhases = (
				404F304722A5F74600267175 /* Sources */,
				404F304822A5F74600267175 /* Frameworks */,
				404F304922A5F74600267175 /* Resources */,
			);
			buildRules = (
			);
			dependencies = (
				404F305222A5F74600267175 /* PBXTargetDependency */,
			);
			name = "NetworkMe macOS Tests";
			productName = "NetworkMe macOS Tests";
			productReference = 404F304B22A5F74600267175 /* NetworkMe macOS Tests.xctest */;
			productType = "com.apple.product-type.bundle.unit-test";
		};
		404F305922A5F7F700267175 /* NetworkMe watchOS */ = {
			isa = PBXNativeTarget;
			buildConfigurationList = 404F305E22A5F7F700267175 /* Build configuration list for PBXNativeTarget "NetworkMe watchOS" */;
			buildPhases = (
				404F305622A5F7F700267175 /* Sources */,
				404F305722A5F7F700267175 /* Frameworks */,
				404F305822A5F7F700267175 /* CopyFiles */,
			);
			buildRules = (
			);
			dependencies = (
			);
			name = "NetworkMe watchOS";
			productName = "NetworkMe watchOS";
			productReference = 404F305A22A5F7F700267175 /* libNetworkMe watchOS.a */;
			productType = "com.apple.product-type.library.static";
		};
		407A866F22A41D4B00588850 /* NetworkMe iOS */ = {
			isa = PBXNativeTarget;
			buildConfigurationList = 407A867722A41D4B00588850 /* Build configuration list for PBXNativeTarget "NetworkMe iOS" */;
			buildPhases = (
				407A866C22A41D4B00588850 /* Sources */,
				407A866D22A41D4B00588850 /* Frameworks */,
				407A866E22A41D4B00588850 /* CopyFiles */,
			);
			buildRules = (
			);
			dependencies = (
			);
			name = "NetworkMe iOS";
			productName = NetworkMe;
			productReference = 407A867022A41D4B00588850 /* libNetworkMe iOS.a */;
			productType = "com.apple.product-type.library.static";
		};
		407A86AA22A465A200588850 /* NetworkMe tvOS */ = {
			isa = PBXNativeTarget;
			buildConfigurationList = 407A86AF22A465A200588850 /* Build configuration list for PBXNativeTarget "NetworkMe tvOS" */;
			buildPhases = (
				407A86A722A465A200588850 /* Sources */,
				407A86A822A465A200588850 /* Frameworks */,
				407A86A922A465A200588850 /* CopyFiles */,
			);
			buildRules = (
			);
			dependencies = (
			);
			name = "NetworkMe tvOS";
			productName = "NetworkMe tvOS";
			productReference = 407A86AB22A465A200588850 /* libNetworkMe tvOS.a */;
			productType = "com.apple.product-type.library.static";
		};
		407A86C722A465CA00588850 /* NetworkMe macOS */ = {
			isa = PBXNativeTarget;
			buildConfigurationList = 407A86CE22A465CA00588850 /* Build configuration list for PBXNativeTarget "NetworkMe macOS" */;
			buildPhases = (
				407A86C422A465CA00588850 /* Headers */,
				407A86C522A465CA00588850 /* Sources */,
				407A86C622A465CA00588850 /* Frameworks */,
			);
			buildRules = (
			);
			dependencies = (
			);
			name = "NetworkMe macOS";
			productName = "NetworkMe macOS";
			productReference = 407A86C822A465CA00588850 /* libNetworkMe macOS.a */;
			productType = "com.apple.product-type.library.static";
		};
		407A86E622A4667C00588850 /* NetworkMe iOS Tests */ = {
			isa = PBXNativeTarget;
			buildConfigurationList = 407A86F122A4667C00588850 /* Build configuration list for PBXNativeTarget "NetworkMe iOS Tests" */;
			buildPhases = (
				407A86E422A4667C00588850 /* Frameworks */,
				407A86E322A4667C00588850 /* Sources */,
				407A86E522A4667C00588850 /* Resources */,
			);
			buildRules = (
			);
			dependencies = (
			);
			name = "NetworkMe iOS Tests";
			productName = "NetworkMe iOS Tests";
			productReference = 407A86E722A4667C00588850 /* NetworkMe iOS Tests.xctest */;
			productType = "com.apple.product-type.bundle.unit-test";
		};
/* End PBXNativeTarget section */

/* Begin PBXProject section */
		407A866822A41D4B00588850 /* Project object */ = {
			isa = PBXProject;
			attributes = {
				LastSwiftUpdateCheck = 1020;
				LastUpgradeCheck = 1020;
				ORGANIZATIONNAME = "Ilias Pavlidakis";
				TargetAttributes = {
					404F303B22A5F72B00267175 = {
						CreatedOnToolsVersion = 10.2.1;
					};
					404F304A22A5F74600267175 = {
						CreatedOnToolsVersion = 10.2.1;
					};
					404F305922A5F7F700267175 = {
						CreatedOnToolsVersion = 10.2.1;
					};
					407A866F22A41D4B00588850 = {
						CreatedOnToolsVersion = 10.2.1;
					};
					407A86AA22A465A200588850 = {
						CreatedOnToolsVersion = 10.2.1;
					};
					407A86C722A465CA00588850 = {
						CreatedOnToolsVersion = 10.2.1;
					};
					407A86E622A4667C00588850 = {
						CreatedOnToolsVersion = 10.2.1;
						LastSwiftMigration = 1020;
					};
				};
			};
			buildConfigurationList = 407A866B22A41D4B00588850 /* Build configuration list for PBXProject "NetworkMe" */;
			compatibilityVersion = "Xcode 9.3";
			developmentRegion = en;
			hasScannedForEncodings = 0;
			knownRegions = (
				en,
			);
			mainGroup = 407A866722A41D4B00588850;
			productRefGroup = 407A867122A41D4B00588850 /* Products */;
			projectDirPath = "";
			projectRoot = "";
			targets = (
				407A866F22A41D4B00588850 /* NetworkMe iOS */,
				407A86E622A4667C00588850 /* NetworkMe iOS Tests */,
				407A86AA22A465A200588850 /* NetworkMe tvOS */,
				404F303B22A5F72B00267175 /* NetworkMe tvOS Tests */,
				407A86C722A465CA00588850 /* NetworkMe macOS */,
				404F304A22A5F74600267175 /* NetworkMe macOS Tests */,
				404F305922A5F7F700267175 /* NetworkMe watchOS */,
			);
		};
/* End PBXProject section */

/* Begin PBXResourcesBuildPhase section */
		404F303A22A5F72B00267175 /* Resources */ = {
			isa = PBXResourcesBuildPhase;
			buildActionMask = 2147483647;
			files = (
			);
			runOnlyForDeploymentPostprocessing = 0;
		};
		404F304922A5F74600267175 /* Resources */ = {
			isa = PBXResourcesBuildPhase;
			buildActionMask = 2147483647;
			files = (
			);
			runOnlyForDeploymentPostprocessing = 0;
		};
		407A86E522A4667C00588850 /* Resources */ = {
			isa = PBXResourcesBuildPhase;
			buildActionMask = 2147483647;
			files = (
			);
			runOnlyForDeploymentPostprocessing = 0;
		};
/* End PBXResourcesBuildPhase section */

/* Begin PBXSourcesBuildPhase section */
		404F303822A5F72B00267175 /* Sources */ = {
			isa = PBXSourcesBuildPhase;
			buildActionMask = 2147483647;
			files = (
				404F303F22A5F72B00267175 /* NetworkMe_tvOS_Tests.swift in Sources */,
			);
			runOnlyForDeploymentPostprocessing = 0;
		};
		404F304722A5F74600267175 /* Sources */ = {
			isa = PBXSourcesBuildPhase;
			buildActionMask = 2147483647;
			files = (
				404F304E22A5F74600267175 /* NetworkMe_macOS_Tests.swift in Sources */,
			);
			runOnlyForDeploymentPostprocessing = 0;
		};
		404F305622A5F7F700267175 /* Sources */ = {
			isa = PBXSourcesBuildPhase;
			buildActionMask = 2147483647;
			files = (
				404F306222A5F83000267175 /* NetworkMe+TransformableKeyValuePair.swift in Sources */,
				404F307A22A5F83D00267175 /* NetworkMe.swift in Sources */,
				404F306C22A5F83000267175 /* NetworkMeHeaderRequest+CacheControl.swift in Sources */,
				404F307822A5F83000267175 /* NetworkMeFileRetrieving.swift in Sources */,
				404F307222A5F83000267175 /* NetworkMeRouting.swift in Sources */,
				404F307722A5F83000267175 /* NetworkMeDateProviding.swift in Sources */,
				404F307322A5F83000267175 /* NetworkMeURLSessionProtocol.swift in Sources */,
				404F306522A5F83000267175 /* NetworkMe+Method.swift in Sources */,
				404F306A22A5F83000267175 /* NetworkMe+ContentType.swift in Sources */,
				404F307022A5F83000267175 /* NetworkMeRouter+NetworkError.swift in Sources */,
				404F307622A5F83000267175 /* NetworkMeEncoding.swift in Sources */,
				404F307122A5F83000267175 /* NetworkMeEndpointProtocol.swift in Sources */,
				404F307922A5F83000267175 /* NetworkMe+Router.swift in Sources */,
				404F307422A5F83000267175 /* NetworkMeHeaderProtocol.swift in Sources */,
				404F306922A5F83000267175 /* NetworkMeHeader+Response.swift in Sources */,
				404F306E22A5F83000267175 /* NetworkMeHeaderResponse+CacheControl.swift in Sources */,
				404F306D22A5F83000267175 /* NetworkMeHeaderRequest+Authorization.swift in Sources */,
				404F306B22A5F83000267175 /* NetworkMe+Accept.swift in Sources */,
				404F306122A5F83000267175 /* DateFormatter+NetworkMeDateProviding.swift in Sources */,
				404F306422A5F83000267175 /* NetworMe+Scheme.swift in Sources */,
				404F306622A5F83000267175 /* NetworkMe+Header.swift in Sources */,
				404F306722A5F83000267175 /* NetworkMeHeader+Generic.swift in Sources */,
				404F307522A5F83000267175 /* NetworkMeDecoding.swift in Sources */,
				404F305D22A5F7F700267175 /* NetworkMe_watchOS.swift in Sources */,
				404F306322A5F83000267175 /* NetworkMe+TaskType.swift in Sources */,
				404F306822A5F83000267175 /* NetworkMeHeader+Request.swift in Sources */,
				404F306F22A5F83000267175 /* NetworkMeHeaderGeneric+Connection.swift in Sources */,
			);
			runOnlyForDeploymentPostprocessing = 0;
		};
		407A866C22A41D4B00588850 /* Sources */ = {
			isa = PBXSourcesBuildPhase;
			buildActionMask = 2147483647;
			files = (
				40A8AE3522A5CC5500AB0539 /* NetworkMeHeader+Response.swift in Sources */,
				404F301722A5DC8900267175 /* NetworkMe+TaskType.swift in Sources */,
				407A869C22A424E400588850 /* NetworkMeHeaderResponse+CacheControl.swift in Sources */,
				407A86A422A42BB900588850 /* NetworkMeEncoding.swift in Sources */,
				407A869622A4209300588850 /* NetworkMe+Accept.swift in Sources */,
				407A869022A41E5E00588850 /* NetworkMe+Method.swift in Sources */,
				407A869A22A4232300588850 /* NetworkMeHeaderRequest+CacheControl.swift in Sources */,
				40A8AE2722A5C5C500AB0539 /* NetworkMeDateProviding.swift in Sources */,
				407A867E22A41D9300588850 /* NetworkMeRouting.swift in Sources */,
				40A8AE3122A5CC3100AB0539 /* NetworkMeHeader+Generic.swift in Sources */,
				407A868122A41DA900588850 /* NetworkMe+Router.swift in Sources */,
				407A867422A41D4B00588850 /* NetworkMe.swift in Sources */,
				407A868322A41DBA00588850 /* NetworkMeURLSessionProtocol.swift in Sources */,
				407A869822A4222E00588850 /* NetworkMeHeaderProtocol.swift in Sources */,
				407A86A622A464BC00588850 /* NetworkMeRouter+NetworkError.swift in Sources */,
				40A8AE2522A5C2E700AB0539 /* NetworkMe+TransformableKeyValuePair.swift in Sources */,
				407A869422A41F0C00588850 /* NetworkMe+ContentType.swift in Sources */,
				407A86A022A4282300588850 /* NetworkMeHeaderRequest+Authorization.swift in Sources */,
				407A86A222A42B8D00588850 /* NetworkMeDecoding.swift in Sources */,
				404F302522A5F47700267175 /* NetworkMeFileRetrieving.swift in Sources */,
				40A8AE2A22A5C5EF00AB0539 /* DateFormatter+NetworkMeDateProviding.swift in Sources */,
				407A869222A41EAF00588850 /* NetworkMe+Header.swift in Sources */,
				407A867C22A41D8000588850 /* NetworkMeEndpointProtocol.swift in Sources */,
				40A8AE3322A5CC4600AB0539 /* NetworkMeHeader+Request.swift in Sources */,
				407A868E22A41E5300588850 /* NetworMe+Scheme.swift in Sources */,
				407A869E22A426EF00588850 /* NetworkMeHeaderGeneric+Connection.swift in Sources */,
			);
			runOnlyForDeploymentPostprocessing = 0;
		};
		407A86A722A465A200588850 /* Sources */ = {
			isa = PBXSourcesBuildPhase;
			buildActionMask = 2147483647;
			files = (
				407A86C322A465B700588850 /* NetworkMe.swift in Sources */,
				407A86B522A465B700588850 /* NetworkMe+ContentType.swift in Sources */,
				404F302D22A5F70C00267175 /* NetworkMeHeader+Response.swift in Sources */,
				404F302E22A5F70C00267175 /* NetworkMeDateProviding.swift in Sources */,
				407A86C122A465B700588850 /* NetworkMeEncoding.swift in Sources */,
				407A86AE22A465A200588850 /* NetworkMe_tvOS.swift in Sources */,
				407A86C222A465B700588850 /* NetworkMe+Router.swift in Sources */,
				407A86B922A465B700588850 /* NetworkMeHeaderResponse+CacheControl.swift in Sources */,
				407A86B422A465B700588850 /* NetworkMe+Header.swift in Sources */,
				404F302F22A5F70C00267175 /* NetworkMeFileRetrieving.swift in Sources */,
				407A86B322A465B700588850 /* NetworkMe+Method.swift in Sources */,
				407A86BC22A465B700588850 /* NetworkMeEndpointProtocol.swift in Sources */,
				407A86B722A465B700588850 /* NetworkMeHeaderRequest+CacheControl.swift in Sources */,
				407A86BE22A465B700588850 /* NetworkMeURLSessionProtocol.swift in Sources */,
				404F302B22A5F70C00267175 /* NetworkMeHeader+Generic.swift in Sources */,
				404F302A22A5F70C00267175 /* NetworkMe+TaskType.swift in Sources */,
				407A86BB22A465B700588850 /* NetworkMeRouter+NetworkError.swift in Sources */,
				404F302922A5F70C00267175 /* NetworkMe+TransformableKeyValuePair.swift in Sources */,
				407A86B622A465B700588850 /* NetworkMe+Accept.swift in Sources */,
				407A86B222A465B700588850 /* NetworMe+Scheme.swift in Sources */,
				404F302C22A5F70C00267175 /* NetworkMeHeader+Request.swift in Sources */,
				407A86C022A465B700588850 /* NetworkMeDecoding.swift in Sources */,
				407A86BD22A465B700588850 /* NetworkMeRouting.swift in Sources */,
				407A86B822A465B700588850 /* NetworkMeHeaderRequest+Authorization.swift in Sources */,
				407A86BA22A465B700588850 /* NetworkMeHeaderGeneric+Connection.swift in Sources */,
				404F302822A5F70C00267175 /* DateFormatter+NetworkMeDateProviding.swift in Sources */,
				407A86BF22A465B700588850 /* NetworkMeHeaderProtocol.swift in Sources */,
			);
			runOnlyForDeploymentPostprocessing = 0;
		};
		407A86C522A465CA00588850 /* Sources */ = {
			isa = PBXSourcesBuildPhase;
			buildActionMask = 2147483647;
			files = (
				407A86E222A465D400588850 /* NetworkMe.swift in Sources */,
				407A86D422A465D400588850 /* NetworkMe+ContentType.swift in Sources */,
				404F303522A5F70D00267175 /* NetworkMeHeader+Response.swift in Sources */,
				404F303622A5F70D00267175 /* NetworkMeDateProviding.swift in Sources */,
				407A86E022A465D400588850 /* NetworkMeEncoding.swift in Sources */,
				407A86CD22A465CA00588850 /* NetworkMe_macOS.m in Sources */,
				407A86E122A465D400588850 /* NetworkMe+Router.swift in Sources */,
				407A86D822A465D400588850 /* NetworkMeHeaderResponse+CacheControl.swift in Sources */,
				407A86D322A465D400588850 /* NetworkMe+Header.swift in Sources */,
				404F303722A5F70D00267175 /* NetworkMeFileRetrieving.swift in Sources */,
				407A86D222A465D400588850 /* NetworkMe+Method.swift in Sources */,
				407A86DB22A465D400588850 /* NetworkMeEndpointProtocol.swift in Sources */,
				407A86D622A465D400588850 /* NetworkMeHeaderRequest+CacheControl.swift in Sources */,
				407A86DD22A465D400588850 /* NetworkMeURLSessionProtocol.swift in Sources */,
				404F303322A5F70D00267175 /* NetworkMeHeader+Generic.swift in Sources */,
				404F303222A5F70D00267175 /* NetworkMe+TaskType.swift in Sources */,
				407A86DA22A465D400588850 /* NetworkMeRouter+NetworkError.swift in Sources */,
				404F303122A5F70D00267175 /* NetworkMe+TransformableKeyValuePair.swift in Sources */,
				407A86D522A465D400588850 /* NetworkMe+Accept.swift in Sources */,
				407A86D122A465D400588850 /* NetworMe+Scheme.swift in Sources */,
				404F303422A5F70D00267175 /* NetworkMeHeader+Request.swift in Sources */,
				407A86DF22A465D400588850 /* NetworkMeDecoding.swift in Sources */,
				407A86DC22A465D400588850 /* NetworkMeRouting.swift in Sources */,
				407A86D722A465D400588850 /* NetworkMeHeaderRequest+Authorization.swift in Sources */,
				407A86D922A465D400588850 /* NetworkMeHeaderGeneric+Connection.swift in Sources */,
				404F303022A5F70D00267175 /* DateFormatter+NetworkMeDateProviding.swift in Sources */,
				407A86DE22A465D400588850 /* NetworkMeHeaderProtocol.swift in Sources */,
			);
			runOnlyForDeploymentPostprocessing = 0;
		};
		407A86E322A4667C00588850 /* Sources */ = {
			isa = PBXSourcesBuildPhase;
			buildActionMask = 2147483647;
			files = (
				40A8AE2F22A5C72500AB0539 /* NetworkMe+Tests.swift in Sources */,
				404F301322A5D97A00267175 /* NetworkHeader_ResponseTests.swift in Sources */,
				407A86F522A4670500588850 /* NetworMeScheme_Tests.swift in Sources */,
				404F302722A5F4C600267175 /* NetworkMeStub+FileRetriever.swift in Sources */,
				407A86F722A4681300588850 /* NetworMeMethod_Tests.swift in Sources */,
				40A8AE2D22A5C71800AB0539 /* NetworkMeStub+DateFormatter.swift in Sources */,
				404F301D22A5E2A900267175 /* NetworkMeStub+Encoder.swift in Sources */,
				404F301922A5E06900267175 /* NetworkMeRouter_Tests.swift in Sources */,
				404F301B22A5E09900267175 /* NetworkMeStub+Endpoint.swift in Sources */,
				40A8AE2222A5C0C900AB0539 /* NetworkMeHeader_GenericTests.swift in Sources */,
				404F302322A5E56000267175 /* NetworkMeStub+URLSessionTask.swift in Sources */,
				404F302122A5E48600267175 /* NetworkMeStub+URLSession.swift in Sources */,
				404F301F22A5E2AF00267175 /* NetworkMeStub+Decoder.swift in Sources */,
				40A8AE3722A5CC7300AB0539 /* NetworkMeHeader_RequestTests.swift in Sources */,
			);
			runOnlyForDeploymentPostprocessing = 0;
		};
/* End PBXSourcesBuildPhase section */

/* Begin PBXTargetDependency section */
		404F304322A5F72B00267175 /* PBXTargetDependency */ = {
			isa = PBXTargetDependency;
			target = 407A86AA22A465A200588850 /* NetworkMe tvOS */;
			targetProxy = 404F304222A5F72B00267175 /* PBXContainerItemProxy */;
		};
		404F305222A5F74600267175 /* PBXTargetDependency */ = {
			isa = PBXTargetDependency;
			target = 407A86C722A465CA00588850 /* NetworkMe macOS */;
			targetProxy = 404F305122A5F74600267175 /* PBXContainerItemProxy */;
		};
/* End PBXTargetDependency section */

/* Begin XCBuildConfiguration section */
		404F304522A5F72B00267175 /* Debug */ = {
			isa = XCBuildConfiguration;
			buildSettings = {
				CODE_SIGN_STYLE = Automatic;
				DEVELOPMENT_TEAM = UBW6JB7T2F;
				INFOPLIST_FILE = "NetworkMe tvOS Tests/Info.plist";
				LD_RUNPATH_SEARCH_PATHS = (
					"$(inherited)",
					"@executable_path/Frameworks",
					"@loader_path/Frameworks",
				);
				PRODUCT_BUNDLE_IDENTIFIER = "com.network.me.tvOS-Tests.NetworkMe-tvOS-Tests";
				PRODUCT_NAME = "$(TARGET_NAME)";
				SDKROOT = appletvos;
				SWIFT_VERSION = 5.0;
				TARGETED_DEVICE_FAMILY = 3;
				TVOS_DEPLOYMENT_TARGET = 10.0;
			};
			name = Debug;
		};
		404F304622A5F72B00267175 /* Release */ = {
			isa = XCBuildConfiguration;
			buildSettings = {
				CODE_SIGN_STYLE = Automatic;
				DEVELOPMENT_TEAM = UBW6JB7T2F;
				INFOPLIST_FILE = "NetworkMe tvOS Tests/Info.plist";
				LD_RUNPATH_SEARCH_PATHS = (
					"$(inherited)",
					"@executable_path/Frameworks",
					"@loader_path/Frameworks",
				);
				PRODUCT_BUNDLE_IDENTIFIER = "com.network.me.tvOS-Tests.NetworkMe-tvOS-Tests";
				PRODUCT_NAME = "$(TARGET_NAME)";
				SDKROOT = appletvos;
				SWIFT_VERSION = 5.0;
				TARGETED_DEVICE_FAMILY = 3;
				TVOS_DEPLOYMENT_TARGET = 10.0;
			};
			name = Release;
		};
		404F305422A5F74600267175 /* Debug */ = {
			isa = XCBuildConfiguration;
			buildSettings = {
				CODE_SIGN_IDENTITY = "Mac Developer";
				CODE_SIGN_STYLE = Automatic;
				COMBINE_HIDPI_IMAGES = YES;
				DEVELOPMENT_TEAM = UBW6JB7T2F;
				INFOPLIST_FILE = "NetworkMe macOS Tests/Info.plist";
				LD_RUNPATH_SEARCH_PATHS = (
					"$(inherited)",
					"@executable_path/../Frameworks",
					"@loader_path/../Frameworks",
				);
				MACOSX_DEPLOYMENT_TARGET = 10.14;
				PRODUCT_BUNDLE_IDENTIFIER = "com.network.me.macOS.tests.NetworkMe-macOS-Tests";
				PRODUCT_NAME = "$(TARGET_NAME)";
				SDKROOT = macosx;
				SWIFT_VERSION = 5.0;
			};
			name = Debug;
		};
		404F305522A5F74600267175 /* Release */ = {
			isa = XCBuildConfiguration;
			buildSettings = {
				CODE_SIGN_IDENTITY = "Mac Developer";
				CODE_SIGN_STYLE = Automatic;
				COMBINE_HIDPI_IMAGES = YES;
				DEVELOPMENT_TEAM = UBW6JB7T2F;
				INFOPLIST_FILE = "NetworkMe macOS Tests/Info.plist";
				LD_RUNPATH_SEARCH_PATHS = (
					"$(inherited)",
					"@executable_path/../Frameworks",
					"@loader_path/../Frameworks",
				);
				MACOSX_DEPLOYMENT_TARGET = 10.14;
				PRODUCT_BUNDLE_IDENTIFIER = "com.network.me.macOS.tests.NetworkMe-macOS-Tests";
				PRODUCT_NAME = "$(TARGET_NAME)";
				SDKROOT = macosx;
				SWIFT_VERSION = 5.0;
			};
			name = Release;
		};
		404F305F22A5F7F700267175 /* Debug */ = {
			isa = XCBuildConfiguration;
			buildSettings = {
				CODE_SIGN_STYLE = Automatic;
				DEVELOPMENT_TEAM = UBW6JB7T2F;
				OTHER_LDFLAGS = "-ObjC";
				PRODUCT_NAME = "$(TARGET_NAME)";
				SDKROOT = watchos;
				SKIP_INSTALL = YES;
				SWIFT_VERSION = 5.0;
				TARGETED_DEVICE_FAMILY = 4;
				WATCHOS_DEPLOYMENT_TARGET = 4.0;
			};
			name = Debug;
		};
		404F306022A5F7F700267175 /* Release */ = {
			isa = XCBuildConfiguration;
			buildSettings = {
				CODE_SIGN_STYLE = Automatic;
				DEVELOPMENT_TEAM = UBW6JB7T2F;
				OTHER_LDFLAGS = "-ObjC";
				PRODUCT_NAME = "$(TARGET_NAME)";
				SDKROOT = watchos;
				SKIP_INSTALL = YES;
				SWIFT_VERSION = 5.0;
				TARGETED_DEVICE_FAMILY = 4;
				WATCHOS_DEPLOYMENT_TARGET = 4.0;
			};
			name = Release;
		};
		407A867522A41D4B00588850 /* Debug */ = {
			isa = XCBuildConfiguration;
			buildSettings = {
				ALWAYS_SEARCH_USER_PATHS = NO;
				CLANG_ANALYZER_NONNULL = YES;
				CLANG_ANALYZER_NUMBER_OBJECT_CONVERSION = YES_AGGRESSIVE;
				CLANG_CXX_LANGUAGE_STANDARD = "gnu++14";
				CLANG_CXX_LIBRARY = "libc++";
				CLANG_ENABLE_MODULES = YES;
				CLANG_ENABLE_OBJC_ARC = YES;
				CLANG_ENABLE_OBJC_WEAK = YES;
				CLANG_WARN_BLOCK_CAPTURE_AUTORELEASING = YES;
				CLANG_WARN_BOOL_CONVERSION = YES;
				CLANG_WARN_COMMA = YES;
				CLANG_WARN_CONSTANT_CONVERSION = YES;
				CLANG_WARN_DEPRECATED_OBJC_IMPLEMENTATIONS = YES;
				CLANG_WARN_DIRECT_OBJC_ISA_USAGE = YES_ERROR;
				CLANG_WARN_DOCUMENTATION_COMMENTS = YES;
				CLANG_WARN_EMPTY_BODY = YES;
				CLANG_WARN_ENUM_CONVERSION = YES;
				CLANG_WARN_INFINITE_RECURSION = YES;
				CLANG_WARN_INT_CONVERSION = YES;
				CLANG_WARN_NON_LITERAL_NULL_CONVERSION = YES;
				CLANG_WARN_OBJC_IMPLICIT_RETAIN_SELF = YES;
				CLANG_WARN_OBJC_LITERAL_CONVERSION = YES;
				CLANG_WARN_OBJC_ROOT_CLASS = YES_ERROR;
				CLANG_WARN_RANGE_LOOP_ANALYSIS = YES;
				CLANG_WARN_STRICT_PROTOTYPES = YES;
				CLANG_WARN_SUSPICIOUS_MOVE = YES;
				CLANG_WARN_UNGUARDED_AVAILABILITY = YES_AGGRESSIVE;
				CLANG_WARN_UNREACHABLE_CODE = YES;
				CLANG_WARN__DUPLICATE_METHOD_MATCH = YES;
				CODE_SIGN_IDENTITY = "iPhone Developer";
				COPY_PHASE_STRIP = NO;
				DEBUG_INFORMATION_FORMAT = dwarf;
				ENABLE_STRICT_OBJC_MSGSEND = YES;
				ENABLE_TESTABILITY = YES;
				GCC_C_LANGUAGE_STANDARD = gnu11;
				GCC_DYNAMIC_NO_PIC = NO;
				GCC_NO_COMMON_BLOCKS = YES;
				GCC_OPTIMIZATION_LEVEL = 0;
				GCC_PREPROCESSOR_DEFINITIONS = (
					"DEBUG=1",
					"$(inherited)",
				);
				GCC_WARN_64_TO_32_BIT_CONVERSION = YES;
				GCC_WARN_ABOUT_RETURN_TYPE = YES_ERROR;
				GCC_WARN_UNDECLARED_SELECTOR = YES;
				GCC_WARN_UNINITIALIZED_AUTOS = YES_AGGRESSIVE;
				GCC_WARN_UNUSED_FUNCTION = YES;
				GCC_WARN_UNUSED_VARIABLE = YES;
				IPHONEOS_DEPLOYMENT_TARGET = 10;
				MTL_ENABLE_DEBUG_INFO = INCLUDE_SOURCE;
				MTL_FAST_MATH = YES;
				ONLY_ACTIVE_ARCH = YES;
				SDKROOT = iphoneos;
				SWIFT_ACTIVE_COMPILATION_CONDITIONS = DEBUG;
				SWIFT_OPTIMIZATION_LEVEL = "-Onone";
			};
			name = Debug;
		};
		407A867622A41D4B00588850 /* Release */ = {
			isa = XCBuildConfiguration;
			buildSettings = {
				ALWAYS_SEARCH_USER_PATHS = NO;
				CLANG_ANALYZER_NONNULL = YES;
				CLANG_ANALYZER_NUMBER_OBJECT_CONVERSION = YES_AGGRESSIVE;
				CLANG_CXX_LANGUAGE_STANDARD = "gnu++14";
				CLANG_CXX_LIBRARY = "libc++";
				CLANG_ENABLE_MODULES = YES;
				CLANG_ENABLE_OBJC_ARC = YES;
				CLANG_ENABLE_OBJC_WEAK = YES;
				CLANG_WARN_BLOCK_CAPTURE_AUTORELEASING = YES;
				CLANG_WARN_BOOL_CONVERSION = YES;
				CLANG_WARN_COMMA = YES;
				CLANG_WARN_CONSTANT_CONVERSION = YES;
				CLANG_WARN_DEPRECATED_OBJC_IMPLEMENTATIONS = YES;
				CLANG_WARN_DIRECT_OBJC_ISA_USAGE = YES_ERROR;
				CLANG_WARN_DOCUMENTATION_COMMENTS = YES;
				CLANG_WARN_EMPTY_BODY = YES;
				CLANG_WARN_ENUM_CONVERSION = YES;
				CLANG_WARN_INFINITE_RECURSION = YES;
				CLANG_WARN_INT_CONVERSION = YES;
				CLANG_WARN_NON_LITERAL_NULL_CONVERSION = YES;
				CLANG_WARN_OBJC_IMPLICIT_RETAIN_SELF = YES;
				CLANG_WARN_OBJC_LITERAL_CONVERSION = YES;
				CLANG_WARN_OBJC_ROOT_CLASS = YES_ERROR;
				CLANG_WARN_RANGE_LOOP_ANALYSIS = YES;
				CLANG_WARN_STRICT_PROTOTYPES = YES;
				CLANG_WARN_SUSPICIOUS_MOVE = YES;
				CLANG_WARN_UNGUARDED_AVAILABILITY = YES_AGGRESSIVE;
				CLANG_WARN_UNREACHABLE_CODE = YES;
				CLANG_WARN__DUPLICATE_METHOD_MATCH = YES;
				CODE_SIGN_IDENTITY = "iPhone Developer";
				COPY_PHASE_STRIP = NO;
				DEBUG_INFORMATION_FORMAT = "dwarf-with-dsym";
				ENABLE_NS_ASSERTIONS = NO;
				ENABLE_STRICT_OBJC_MSGSEND = YES;
				GCC_C_LANGUAGE_STANDARD = gnu11;
				GCC_NO_COMMON_BLOCKS = YES;
				GCC_WARN_64_TO_32_BIT_CONVERSION = YES;
				GCC_WARN_ABOUT_RETURN_TYPE = YES_ERROR;
				GCC_WARN_UNDECLARED_SELECTOR = YES;
				GCC_WARN_UNINITIALIZED_AUTOS = YES_AGGRESSIVE;
				GCC_WARN_UNUSED_FUNCTION = YES;
				GCC_WARN_UNUSED_VARIABLE = YES;
				IPHONEOS_DEPLOYMENT_TARGET = 10;
				MTL_ENABLE_DEBUG_INFO = NO;
				MTL_FAST_MATH = YES;
				SDKROOT = iphoneos;
				SWIFT_COMPILATION_MODE = wholemodule;
				SWIFT_OPTIMIZATION_LEVEL = "-O";
				VALIDATE_PRODUCT = YES;
			};
			name = Release;
		};
		407A867822A41D4B00588850 /* Debug */ = {
			isa = XCBuildConfiguration;
			buildSettings = {
				CODE_SIGN_STYLE = Automatic;
				DEVELOPMENT_TEAM = UBW6JB7T2F;
				OTHER_LDFLAGS = "-ObjC";
				PRODUCT_NAME = "$(TARGET_NAME)";
				SKIP_INSTALL = YES;
				SWIFT_VERSION = 5.0;
				TARGETED_DEVICE_FAMILY = "1,2";
			};
			name = Debug;
		};
		407A867922A41D4B00588850 /* Release */ = {
			isa = XCBuildConfiguration;
			buildSettings = {
				CODE_SIGN_STYLE = Automatic;
				DEVELOPMENT_TEAM = UBW6JB7T2F;
				OTHER_LDFLAGS = "-ObjC";
				PRODUCT_NAME = "$(TARGET_NAME)";
				SKIP_INSTALL = YES;
				SWIFT_VERSION = 5.0;
				TARGETED_DEVICE_FAMILY = "1,2";
			};
			name = Release;
		};
		407A86B022A465A200588850 /* Debug */ = {
			isa = XCBuildConfiguration;
			buildSettings = {
				CODE_SIGN_STYLE = Automatic;
				DEVELOPMENT_TEAM = UBW6JB7T2F;
				OTHER_LDFLAGS = "-ObjC";
				PRODUCT_NAME = "$(TARGET_NAME)";
				SDKROOT = appletvos;
				SKIP_INSTALL = YES;
				SWIFT_VERSION = 5.0;
				TARGETED_DEVICE_FAMILY = 3;
				TVOS_DEPLOYMENT_TARGET = 10.0;
			};
			name = Debug;
		};
		407A86B122A465A200588850 /* Release */ = {
			isa = XCBuildConfiguration;
			buildSettings = {
				CODE_SIGN_STYLE = Automatic;
				DEVELOPMENT_TEAM = UBW6JB7T2F;
				OTHER_LDFLAGS = "-ObjC";
				PRODUCT_NAME = "$(TARGET_NAME)";
				SDKROOT = appletvos;
				SKIP_INSTALL = YES;
				SWIFT_VERSION = 5.0;
				TARGETED_DEVICE_FAMILY = 3;
				TVOS_DEPLOYMENT_TARGET = 10.0;
			};
			name = Release;
		};
		407A86CF22A465CA00588850 /* Debug */ = {
			isa = XCBuildConfiguration;
			buildSettings = {
				CODE_SIGN_IDENTITY = "Mac Developer";
				CODE_SIGN_STYLE = Automatic;
				DEVELOPMENT_TEAM = UBW6JB7T2F;
				EXECUTABLE_PREFIX = lib;
				MACOSX_DEPLOYMENT_TARGET = 10.10;
				PRODUCT_NAME = "$(TARGET_NAME)";
				SDKROOT = macosx;
				SKIP_INSTALL = YES;
				SWIFT_VERSION = 5.0;
			};
			name = Debug;
		};
		407A86D022A465CA00588850 /* Release */ = {
			isa = XCBuildConfiguration;
			buildSettings = {
				CODE_SIGN_IDENTITY = "Mac Developer";
				CODE_SIGN_STYLE = Automatic;
				DEVELOPMENT_TEAM = UBW6JB7T2F;
				EXECUTABLE_PREFIX = lib;
				MACOSX_DEPLOYMENT_TARGET = 10.10;
				PRODUCT_NAME = "$(TARGET_NAME)";
				SDKROOT = macosx;
				SKIP_INSTALL = YES;
				SWIFT_VERSION = 5.0;
			};
			name = Release;
		};
		407A86EF22A4667C00588850 /* Debug */ = {
			isa = XCBuildConfiguration;
			buildSettings = {
				CLANG_ENABLE_MODULES = YES;
				CODE_SIGN_STYLE = Automatic;
				DEVELOPMENT_TEAM = UBW6JB7T2F;
				INFOPLIST_FILE = "NetworkMe iOS Tests/Info.plist";
				IPHONEOS_DEPLOYMENT_TARGET = 12.2;
				LD_RUNPATH_SEARCH_PATHS = (
					"$(inherited)",
					"@executable_path/Frameworks",
					"@loader_path/Frameworks",
				);
				PRODUCT_BUNDLE_IDENTIFIER = "com.network.me.ios.tests.NetworkMe-iOS-Tests";
				PRODUCT_NAME = "$(TARGET_NAME)";
				SWIFT_OPTIMIZATION_LEVEL = "-Onone";
				SWIFT_VERSION = 5.0;
				TARGETED_DEVICE_FAMILY = "1,2";
			};
			name = Debug;
		};
		407A86F022A4667C00588850 /* Release */ = {
			isa = XCBuildConfiguration;
			buildSettings = {
				CLANG_ENABLE_MODULES = YES;
				CODE_SIGN_STYLE = Automatic;
				DEVELOPMENT_TEAM = UBW6JB7T2F;
				INFOPLIST_FILE = "NetworkMe iOS Tests/Info.plist";
				IPHONEOS_DEPLOYMENT_TARGET = 12.2;
				LD_RUNPATH_SEARCH_PATHS = (
					"$(inherited)",
					"@executable_path/Frameworks",
					"@loader_path/Frameworks",
				);
				PRODUCT_BUNDLE_IDENTIFIER = "com.network.me.ios.tests.NetworkMe-iOS-Tests";
				PRODUCT_NAME = "$(TARGET_NAME)";
				SWIFT_VERSION = 5.0;
				TARGETED_DEVICE_FAMILY = "1,2";
			};
			name = Release;
		};
/* End XCBuildConfiguration section */

/* Begin XCConfigurationList section */
		404F304422A5F72B00267175 /* Build configuration list for PBXNativeTarget "NetworkMe tvOS Tests" */ = {
			isa = XCConfigurationList;
			buildConfigurations = (
				404F304522A5F72B00267175 /* Debug */,
				404F304622A5F72B00267175 /* Release */,
			);
			defaultConfigurationIsVisible = 0;
			defaultConfigurationName = Release;
		};
		404F305322A5F74600267175 /* Build configuration list for PBXNativeTarget "NetworkMe macOS Tests" */ = {
			isa = XCConfigurationList;
			buildConfigurations = (
				404F305422A5F74600267175 /* Debug */,
				404F305522A5F74600267175 /* Release */,
			);
			defaultConfigurationIsVisible = 0;
			defaultConfigurationName = Release;
		};
		404F305E22A5F7F700267175 /* Build configuration list for PBXNativeTarget "NetworkMe watchOS" */ = {
			isa = XCConfigurationList;
			buildConfigurations = (
				404F305F22A5F7F700267175 /* Debug */,
				404F306022A5F7F700267175 /* Release */,
			);
			defaultConfigurationIsVisible = 0;
			defaultConfigurationName = Release;
		};
		407A866B22A41D4B00588850 /* Build configuration list for PBXProject "NetworkMe" */ = {
			isa = XCConfigurationList;
			buildConfigurations = (
				407A867522A41D4B00588850 /* Debug */,
				407A867622A41D4B00588850 /* Release */,
			);
			defaultConfigurationIsVisible = 0;
			defaultConfigurationName = Release;
		};
		407A867722A41D4B00588850 /* Build configuration list for PBXNativeTarget "NetworkMe iOS" */ = {
			isa = XCConfigurationList;
			buildConfigurations = (
				407A867822A41D4B00588850 /* Debug */,
				407A867922A41D4B00588850 /* Release */,
			);
			defaultConfigurationIsVisible = 0;
			defaultConfigurationName = Release;
		};
		407A86AF22A465A200588850 /* Build configuration list for PBXNativeTarget "NetworkMe tvOS" */ = {
			isa = XCConfigurationList;
			buildConfigurations = (
				407A86B022A465A200588850 /* Debug */,
				407A86B122A465A200588850 /* Release */,
			);
			defaultConfigurationIsVisible = 0;
			defaultConfigurationName = Release;
		};
		407A86CE22A465CA00588850 /* Build configuration list for PBXNativeTarget "NetworkMe macOS" */ = {
			isa = XCConfigurationList;
			buildConfigurations = (
				407A86CF22A465CA00588850 /* Debug */,
				407A86D022A465CA00588850 /* Release */,
			);
			defaultConfigurationIsVisible = 0;
			defaultConfigurationName = Release;
		};
		407A86F122A4667C00588850 /* Build configuration list for PBXNativeTarget "NetworkMe iOS Tests" */ = {
			isa = XCConfigurationList;
			buildConfigurations = (
				407A86EF22A4667C00588850 /* Debug */,
				407A86F022A4667C00588850 /* Release */,
			);
			defaultConfigurationIsVisible = 0;
			defaultConfigurationName = Release;
		};
/* End XCConfigurationList section */
	};
	rootObject = 407A866822A41D4B00588850 /* Project object */;
}
